// !$*UTF8*$!
{
	archiveVersion = 1;
	classes = {
	};
	objectVersion = 46;
	objects = {

/* Begin PBXBuildFile section */
		1145251E1C91576800A5AAC3 /* AppDelegate.swift in Sources */ = {isa = PBXBuildFile; fileRef = 1145251D1C91576800A5AAC3 /* AppDelegate.swift */; };
		114525201C91576800A5AAC3 /* ViewController.swift in Sources */ = {isa = PBXBuildFile; fileRef = 1145251F1C91576800A5AAC3 /* ViewController.swift */; };
		114525231C91576800A5AAC3 /* Main.storyboard in Resources */ = {isa = PBXBuildFile; fileRef = 114525211C91576800A5AAC3 /* Main.storyboard */; };
		114525251C91576800A5AAC3 /* Assets.xcassets in Resources */ = {isa = PBXBuildFile; fileRef = 114525241C91576800A5AAC3 /* Assets.xcassets */; };
		114525281C91576800A5AAC3 /* LaunchScreen.storyboard in Resources */ = {isa = PBXBuildFile; fileRef = 114525261C91576800A5AAC3 /* LaunchScreen.storyboard */; };
		114525331C91576800A5AAC3 /* standaloneAppleWatchTestTests.swift in Sources */ = {isa = PBXBuildFile; fileRef = 114525321C91576800A5AAC3 /* standaloneAppleWatchTestTests.swift */; };
		1145253E1C91576800A5AAC3 /* standaloneAppleWatchTestUITests.swift in Sources */ = {isa = PBXBuildFile; fileRef = 1145253D1C91576800A5AAC3 /* standaloneAppleWatchTestUITests.swift */; };
		114525431C91576800A5AAC3 /* standaloneAppleWatchTest WatchKit App.app in Embed Watch Content */ = {isa = PBXBuildFile; fileRef = 114525421C91576800A5AAC3 /* standaloneAppleWatchTest WatchKit App.app */; };
		114525491C91576800A5AAC3 /* Interface.storyboard in Resources */ = {isa = PBXBuildFile; fileRef = 114525471C91576800A5AAC3 /* Interface.storyboard */; };
		1145254B1C91576800A5AAC3 /* Assets.xcassets in Resources */ = {isa = PBXBuildFile; fileRef = 1145254A1C91576800A5AAC3 /* Assets.xcassets */; };
		114525521C91576900A5AAC3 /* standaloneAppleWatchTest WatchKit Extension.appex in Embed App Extensions */ = {isa = PBXBuildFile; fileRef = 114525511C91576900A5AAC3 /* standaloneAppleWatchTest WatchKit Extension.appex */; settings = {ATTRIBUTES = (RemoveHeadersOnCopy, ); }; };
		114525591C91576900A5AAC3 /* InterfaceController.swift in Sources */ = {isa = PBXBuildFile; fileRef = 114525581C91576900A5AAC3 /* InterfaceController.swift */; };
		1145255B1C91576900A5AAC3 /* ExtensionDelegate.swift in Sources */ = {isa = PBXBuildFile; fileRef = 1145255A1C91576900A5AAC3 /* ExtensionDelegate.swift */; };
		1145255D1C91576900A5AAC3 /* NotificationController.swift in Sources */ = {isa = PBXBuildFile; fileRef = 1145255C1C91576900A5AAC3 /* NotificationController.swift */; };
		1145255F1C91576900A5AAC3 /* Assets.xcassets in Resources */ = {isa = PBXBuildFile; fileRef = 1145255E1C91576900A5AAC3 /* Assets.xcassets */; };
/* End PBXBuildFile section */

/* Begin PBXContainerItemProxy section */
		1145252F1C91576800A5AAC3 /* PBXContainerItemProxy */ = {
			isa = PBXContainerItemProxy;
			containerPortal = 114525121C91576800A5AAC3 /* Project object */;
			proxyType = 1;
			remoteGlobalIDString = 114525191C91576800A5AAC3;
			remoteInfo = standaloneAppleWatchTest;
		};
		1145253A1C91576800A5AAC3 /* PBXContainerItemProxy */ = {
			isa = PBXContainerItemProxy;
			containerPortal = 114525121C91576800A5AAC3 /* Project object */;
			proxyType = 1;
			remoteGlobalIDString = 114525191C91576800A5AAC3;
			remoteInfo = standaloneAppleWatchTest;
		};
		114525441C91576800A5AAC3 /* PBXContainerItemProxy */ = {
			isa = PBXContainerItemProxy;
			containerPortal = 114525121C91576800A5AAC3 /* Project object */;
			proxyType = 1;
			remoteGlobalIDString = 114525411C91576800A5AAC3;
			remoteInfo = "standaloneAppleWatchTest WatchKit App";
		};
		114525531C91576900A5AAC3 /* PBXContainerItemProxy */ = {
			isa = PBXContainerItemProxy;
			containerPortal = 114525121C91576800A5AAC3 /* Project object */;
			proxyType = 1;
			remoteGlobalIDString = 114525501C91576900A5AAC3;
			remoteInfo = "standaloneAppleWatchTest WatchKit Extension";
		};
/* End PBXContainerItemProxy section */

/* Begin PBXCopyFilesBuildPhase section */
		114525661C91576900A5AAC3 /* Embed App Extensions */ = {
			isa = PBXCopyFilesBuildPhase;
			buildActionMask = 2147483647;
			dstPath = "";
			dstSubfolderSpec = 13;
			files = (
				114525521C91576900A5AAC3 /* standaloneAppleWatchTest WatchKit Extension.appex in Embed App Extensions */,
			);
			name = "Embed App Extensions";
			runOnlyForDeploymentPostprocessing = 0;
		};
		1145256A1C91576900A5AAC3 /* Embed Watch Content */ = {
			isa = PBXCopyFilesBuildPhase;
			buildActionMask = 2147483647;
			dstPath = "$(CONTENTS_FOLDER_PATH)/Watch";
			dstSubfolderSpec = 16;
			files = (
				114525431C91576800A5AAC3 /* standaloneAppleWatchTest WatchKit App.app in Embed Watch Content */,
			);
			name = "Embed Watch Content";
			runOnlyForDeploymentPostprocessing = 0;
		};
/* End PBXCopyFilesBuildPhase section */

/* Begin PBXFileReference section */
		1145251A1C91576800A5AAC3 /* standaloneAppleWatchTest.app */ = {isa = PBXFileReference; explicitFileType = wrapper.application; includeInIndex = 0; path = standaloneAppleWatchTest.app; sourceTree = BUILT_PRODUCTS_DIR; };
		1145251D1C91576800A5AAC3 /* AppDelegate.swift */ = {isa = PBXFileReference; lastKnownFileType = sourcecode.swift; path = AppDelegate.swift; sourceTree = "<group>"; };
		1145251F1C91576800A5AAC3 /* ViewController.swift */ = {isa = PBXFileReference; lastKnownFileType = sourcecode.swift; path = ViewController.swift; sourceTree = "<group>"; };
		114525221C91576800A5AAC3 /* Base */ = {isa = PBXFileReference; lastKnownFileType = file.storyboard; name = Base; path = Base.lproj/Main.storyboard; sourceTree = "<group>"; };
		114525241C91576800A5AAC3 /* Assets.xcassets */ = {isa = PBXFileReference; lastKnownFileType = folder.assetcatalog; path = Assets.xcassets; sourceTree = "<group>"; };
		114525271C91576800A5AAC3 /* Base */ = {isa = PBXFileReference; lastKnownFileType = file.storyboard; name = Base; path = Base.lproj/LaunchScreen.storyboard; sourceTree = "<group>"; };
		114525291C91576800A5AAC3 /* Info.plist */ = {isa = PBXFileReference; lastKnownFileType = text.plist.xml; path = Info.plist; sourceTree = "<group>"; };
		1145252E1C91576800A5AAC3 /* standaloneAppleWatchTestTests.xctest */ = {isa = PBXFileReference; explicitFileType = wrapper.cfbundle; includeInIndex = 0; path = standaloneAppleWatchTestTests.xctest; sourceTree = BUILT_PRODUCTS_DIR; };
		114525321C91576800A5AAC3 /* standaloneAppleWatchTestTests.swift */ = {isa = PBXFileReference; lastKnownFileType = sourcecode.swift; path = standaloneAppleWatchTestTests.swift; sourceTree = "<group>"; };
		114525341C91576800A5AAC3 /* Info.plist */ = {isa = PBXFileReference; lastKnownFileType = text.plist.xml; path = Info.plist; sourceTree = "<group>"; };
		114525391C91576800A5AAC3 /* standaloneAppleWatchTestUITests.xctest */ = {isa = PBXFileReference; explicitFileType = wrapper.cfbundle; includeInIndex = 0; path = standaloneAppleWatchTestUITests.xctest; sourceTree = BUILT_PRODUCTS_DIR; };
		1145253D1C91576800A5AAC3 /* standaloneAppleWatchTestUITests.swift */ = {isa = PBXFileReference; lastKnownFileType = sourcecode.swift; path = standaloneAppleWatchTestUITests.swift; sourceTree = "<group>"; };
		1145253F1C91576800A5AAC3 /* Info.plist */ = {isa = PBXFileReference; lastKnownFileType = text.plist.xml; path = Info.plist; sourceTree = "<group>"; };
		114525421C91576800A5AAC3 /* standaloneAppleWatchTest WatchKit App.app */ = {isa = PBXFileReference; explicitFileType = wrapper.application; includeInIndex = 0; path = "standaloneAppleWatchTest WatchKit App.app"; sourceTree = BUILT_PRODUCTS_DIR; };
		114525481C91576800A5AAC3 /* Base */ = {isa = PBXFileReference; lastKnownFileType = file.storyboard; name = Base; path = Base.lproj/Interface.storyboard; sourceTree = "<group>"; };
		1145254A1C91576800A5AAC3 /* Assets.xcassets */ = {isa = PBXFileReference; lastKnownFileType = folder.assetcatalog; path = Assets.xcassets; sourceTree = "<group>"; };
		1145254C1C91576800A5AAC3 /* Info.plist */ = {isa = PBXFileReference; lastKnownFileType = text.plist.xml; path = Info.plist; sourceTree = "<group>"; };
		114525511C91576900A5AAC3 /* standaloneAppleWatchTest WatchKit Extension.appex */ = {isa = PBXFileReference; explicitFileType = "wrapper.app-extension"; includeInIndex = 0; path = "standaloneAppleWatchTest WatchKit Extension.appex"; sourceTree = BUILT_PRODUCTS_DIR; };
		114525571C91576900A5AAC3 /* PushNotificationPayload.apns */ = {isa = PBXFileReference; lastKnownFileType = text; path = PushNotificationPayload.apns; sourceTree = "<group>"; };
		114525581C91576900A5AAC3 /* InterfaceController.swift */ = {isa = PBXFileReference; lastKnownFileType = sourcecode.swift; path = InterfaceController.swift; sourceTree = "<group>"; };
		1145255A1C91576900A5AAC3 /* ExtensionDelegate.swift */ = {isa = PBXFileReference; lastKnownFileType = sourcecode.swift; path = ExtensionDelegate.swift; sourceTree = "<group>"; };
		1145255C1C91576900A5AAC3 /* NotificationController.swift */ = {isa = PBXFileReference; lastKnownFileType = sourcecode.swift; path = NotificationController.swift; sourceTree = "<group>"; };
		1145255E1C91576900A5AAC3 /* Assets.xcassets */ = {isa = PBXFileReference; lastKnownFileType = folder.assetcatalog; path = Assets.xcassets; sourceTree = "<group>"; };
		114525601C91576900A5AAC3 /* Info.plist */ = {isa = PBXFileReference; lastKnownFileType = text.plist.xml; path = Info.plist; sourceTree = "<group>"; };
/* End PBXFileReference section */

/* Begin PBXFrameworksBuildPhase section */
		114525171C91576800A5AAC3 /* Frameworks */ = {
			isa = PBXFrameworksBuildPhase;
			buildActionMask = 2147483647;
			files = (
			);
			runOnlyForDeploymentPostprocessing = 0;
		};
		1145252B1C91576800A5AAC3 /* Frameworks */ = {
			isa = PBXFrameworksBuildPhase;
			buildActionMask = 2147483647;
			files = (
			);
			runOnlyForDeploymentPostprocessing = 0;
		};
		114525361C91576800A5AAC3 /* Frameworks */ = {
			isa = PBXFrameworksBuildPhase;
			buildActionMask = 2147483647;
			files = (
			);
			runOnlyForDeploymentPostprocessing = 0;
		};
		1145254E1C91576900A5AAC3 /* Frameworks */ = {
			isa = PBXFrameworksBuildPhase;
			buildActionMask = 2147483647;
			files = (
			);
			runOnlyForDeploymentPostprocessing = 0;
		};
/* End PBXFrameworksBuildPhase section */

/* Begin PBXGroup section */
		114525111C91576800A5AAC3 = {
			isa = PBXGroup;
			children = (
				1145251C1C91576800A5AAC3 /* standaloneAppleWatchTest */,
				114525311C91576800A5AAC3 /* standaloneAppleWatchTestTests */,
				1145253C1C91576800A5AAC3 /* standaloneAppleWatchTestUITests */,
				114525461C91576800A5AAC3 /* standaloneAppleWatchTest WatchKit App */,
				114525551C91576900A5AAC3 /* standaloneAppleWatchTest WatchKit Extension */,
				1145251B1C91576800A5AAC3 /* Products */,
			);
			sourceTree = "<group>";
		};
		1145251B1C91576800A5AAC3 /* Products */ = {
			isa = PBXGroup;
			children = (
				1145251A1C91576800A5AAC3 /* standaloneAppleWatchTest.app */,
				1145252E1C91576800A5AAC3 /* standaloneAppleWatchTestTests.xctest */,
				114525391C91576800A5AAC3 /* standaloneAppleWatchTestUITests.xctest */,
				114525421C91576800A5AAC3 /* standaloneAppleWatchTest WatchKit App.app */,
				114525511C91576900A5AAC3 /* standaloneAppleWatchTest WatchKit Extension.appex */,
			);
			name = Products;
			sourceTree = "<group>";
		};
		1145251C1C91576800A5AAC3 /* standaloneAppleWatchTest */ = {
			isa = PBXGroup;
			children = (
				1145251D1C91576800A5AAC3 /* AppDelegate.swift */,
				1145251F1C91576800A5AAC3 /* ViewController.swift */,
				114525211C91576800A5AAC3 /* Main.storyboard */,
				114525241C91576800A5AAC3 /* Assets.xcassets */,
				114525261C91576800A5AAC3 /* LaunchScreen.storyboard */,
				114525291C91576800A5AAC3 /* Info.plist */,
			);
			path = standaloneAppleWatchTest;
			sourceTree = "<group>";
		};
		114525311C91576800A5AAC3 /* standaloneAppleWatchTestTests */ = {
			isa = PBXGroup;
			children = (
				114525321C91576800A5AAC3 /* standaloneAppleWatchTestTests.swift */,
				114525341C91576800A5AAC3 /* Info.plist */,
			);
			path = standaloneAppleWatchTestTests;
			sourceTree = "<group>";
		};
		1145253C1C91576800A5AAC3 /* standaloneAppleWatchTestUITests */ = {
			isa = PBXGroup;
			children = (
				1145253D1C91576800A5AAC3 /* standaloneAppleWatchTestUITests.swift */,
				1145253F1C91576800A5AAC3 /* Info.plist */,
			);
			path = standaloneAppleWatchTestUITests;
			sourceTree = "<group>";
		};
		114525461C91576800A5AAC3 /* standaloneAppleWatchTest WatchKit App */ = {
			isa = PBXGroup;
			children = (
				114525471C91576800A5AAC3 /* Interface.storyboard */,
				1145254A1C91576800A5AAC3 /* Assets.xcassets */,
				1145254C1C91576800A5AAC3 /* Info.plist */,
			);
			path = "standaloneAppleWatchTest WatchKit App";
			sourceTree = "<group>";
		};
		114525551C91576900A5AAC3 /* standaloneAppleWatchTest WatchKit Extension */ = {
			isa = PBXGroup;
			children = (
				114525581C91576900A5AAC3 /* InterfaceController.swift */,
				1145255A1C91576900A5AAC3 /* ExtensionDelegate.swift */,
				1145255C1C91576900A5AAC3 /* NotificationController.swift */,
				1145255E1C91576900A5AAC3 /* Assets.xcassets */,
				114525601C91576900A5AAC3 /* Info.plist */,
				114525561C91576900A5AAC3 /* Supporting Files */,
			);
			path = "standaloneAppleWatchTest WatchKit Extension";
			sourceTree = "<group>";
		};
		114525561C91576900A5AAC3 /* Supporting Files */ = {
			isa = PBXGroup;
			children = (
				114525571C91576900A5AAC3 /* PushNotificationPayload.apns */,
			);
			name = "Supporting Files";
			sourceTree = "<group>";
		};
/* End PBXGroup section */

/* Begin PBXNativeTarget section */
		114525191C91576800A5AAC3 /* standaloneAppleWatchTest */ = {
			isa = PBXNativeTarget;
			buildConfigurationList = 1145256B1C91576900A5AAC3 /* Build configuration list for PBXNativeTarget "standaloneAppleWatchTest" */;
			buildPhases = (
				114525161C91576800A5AAC3 /* Sources */,
				114525171C91576800A5AAC3 /* Frameworks */,
				114525181C91576800A5AAC3 /* Resources */,
				1145256A1C91576900A5AAC3 /* Embed Watch Content */,
			);
			buildRules = (
			);
			dependencies = (
				114525451C91576800A5AAC3 /* PBXTargetDependency */,
			);
			name = standaloneAppleWatchTest;
			productName = standaloneAppleWatchTest;
			productReference = 1145251A1C91576800A5AAC3 /* standaloneAppleWatchTest.app */;
			productType = "com.apple.product-type.application";
		};
		1145252D1C91576800A5AAC3 /* standaloneAppleWatchTestTests */ = {
			isa = PBXNativeTarget;
			buildConfigurationList = 1145256E1C91576900A5AAC3 /* Build configuration list for PBXNativeTarget "standaloneAppleWatchTestTests" */;
			buildPhases = (
				1145252A1C91576800A5AAC3 /* Sources */,
				1145252B1C91576800A5AAC3 /* Frameworks */,
				1145252C1C91576800A5AAC3 /* Resources */,
			);
			buildRules = (
			);
			dependencies = (
				114525301C91576800A5AAC3 /* PBXTargetDependency */,
			);
			name = standaloneAppleWatchTestTests;
			productName = standaloneAppleWatchTestTests;
			productReference = 1145252E1C91576800A5AAC3 /* standaloneAppleWatchTestTests.xctest */;
			productType = "com.apple.product-type.bundle.unit-test";
		};
		114525381C91576800A5AAC3 /* standaloneAppleWatchTestUITests */ = {
			isa = PBXNativeTarget;
			buildConfigurationList = 114525711C91576900A5AAC3 /* Build configuration list for PBXNativeTarget "standaloneAppleWatchTestUITests" */;
			buildPhases = (
				114525351C91576800A5AAC3 /* Sources */,
				114525361C91576800A5AAC3 /* Frameworks */,
				114525371C91576800A5AAC3 /* Resources */,
			);
			buildRules = (
			);
			dependencies = (
				1145253B1C91576800A5AAC3 /* PBXTargetDependency */,
			);
			name = standaloneAppleWatchTestUITests;
			productName = standaloneAppleWatchTestUITests;
			productReference = 114525391C91576800A5AAC3 /* standaloneAppleWatchTestUITests.xctest */;
			productType = "com.apple.product-type.bundle.ui-testing";
		};
		114525411C91576800A5AAC3 /* standaloneAppleWatchTest WatchKit App */ = {
			isa = PBXNativeTarget;
			buildConfigurationList = 114525671C91576900A5AAC3 /* Build configuration list for PBXNativeTarget "standaloneAppleWatchTest WatchKit App" */;
			buildPhases = (
				114525401C91576800A5AAC3 /* Resources */,
				114525661C91576900A5AAC3 /* Embed App Extensions */,
			);
			buildRules = (
			);
			dependencies = (
				114525541C91576900A5AAC3 /* PBXTargetDependency */,
			);
			name = "standaloneAppleWatchTest WatchKit App";
			productName = "standaloneAppleWatchTest WatchKit App";
			productReference = 114525421C91576800A5AAC3 /* standaloneAppleWatchTest WatchKit App.app */;
			productType = "com.apple.product-type.application.watchapp2";
		};
		114525501C91576900A5AAC3 /* standaloneAppleWatchTest WatchKit Extension */ = {
			isa = PBXNativeTarget;
			buildConfigurationList = 114525631C91576900A5AAC3 /* Build configuration list for PBXNativeTarget "standaloneAppleWatchTest WatchKit Extension" */;
			buildPhases = (
				1145254D1C91576900A5AAC3 /* Sources */,
				1145254E1C91576900A5AAC3 /* Frameworks */,
				1145254F1C91576900A5AAC3 /* Resources */,
			);
			buildRules = (
			);
			dependencies = (
			);
			name = "standaloneAppleWatchTest WatchKit Extension";
			productName = "standaloneAppleWatchTest WatchKit Extension";
			productReference = 114525511C91576900A5AAC3 /* standaloneAppleWatchTest WatchKit Extension.appex */;
			productType = "com.apple.product-type.watchkit2-extension";
		};
/* End PBXNativeTarget section */

/* Begin PBXProject section */
		114525121C91576800A5AAC3 /* Project object */ = {
			isa = PBXProject;
			attributes = {
				LastSwiftUpdateCheck = 0720;
				LastUpgradeCheck = 0720;
				ORGANIZATIONNAME = "Enkhjargal Gansukh";
				TargetAttributes = {
					114525191C91576800A5AAC3 = {
						CreatedOnToolsVersion = 7.2.1;
					};
					1145252D1C91576800A5AAC3 = {
						CreatedOnToolsVersion = 7.2.1;
						TestTargetID = 114525191C91576800A5AAC3;
					};
					114525381C91576800A5AAC3 = {
						CreatedOnToolsVersion = 7.2.1;
						TestTargetID = 114525191C91576800A5AAC3;
					};
					114525411C91576800A5AAC3 = {
						CreatedOnToolsVersion = 7.2.1;
					};
					114525501C91576900A5AAC3 = {
						CreatedOnToolsVersion = 7.2.1;
					};
				};
			};
			buildConfigurationList = 114525151C91576800A5AAC3 /* Build configuration list for PBXProject "standaloneAppleWatchTest" */;
			compatibilityVersion = "Xcode 3.2";
			developmentRegion = English;
			hasScannedForEncodings = 0;
			knownRegions = (
				en,
				Base,
			);
			mainGroup = 114525111C91576800A5AAC3;
			productRefGroup = 1145251B1C91576800A5AAC3 /* Products */;
			projectDirPath = "";
			projectRoot = "";
			targets = (
				114525191C91576800A5AAC3 /* standaloneAppleWatchTest */,
				1145252D1C91576800A5AAC3 /* standaloneAppleWatchTestTests */,
				114525381C91576800A5AAC3 /* standaloneAppleWatchTestUITests */,
				114525411C91576800A5AAC3 /* standaloneAppleWatchTest WatchKit App */,
				114525501C91576900A5AAC3 /* standaloneAppleWatchTest WatchKit Extension */,
			);
		};
/* End PBXProject section */

/* Begin PBXResourcesBuildPhase section */
		114525181C91576800A5AAC3 /* Resources */ = {
			isa = PBXResourcesBuildPhase;
			buildActionMask = 2147483647;
			files = (
				114525281C91576800A5AAC3 /* LaunchScreen.storyboard in Resources */,
				114525251C91576800A5AAC3 /* Assets.xcassets in Resources */,
				114525231C91576800A5AAC3 /* Main.storyboard in Resources */,
			);
			runOnlyForDeploymentPostprocessing = 0;
		};
		1145252C1C91576800A5AAC3 /* Resources */ = {
			isa = PBXResourcesBuildPhase;
			buildActionMask = 2147483647;
			files = (
			);
			runOnlyForDeploymentPostprocessing = 0;
		};
		114525371C91576800A5AAC3 /* Resources */ = {
			isa = PBXResourcesBuildPhase;
			buildActionMask = 2147483647;
			files = (
			);
			runOnlyForDeploymentPostprocessing = 0;
		};
		114525401C91576800A5AAC3 /* Resources */ = {
			isa = PBXResourcesBuildPhase;
			buildActionMask = 2147483647;
			files = (
				1145254B1C91576800A5AAC3 /* Assets.xcassets in Resources */,
				114525491C91576800A5AAC3 /* Interface.storyboard in Resources */,
			);
			runOnlyForDeploymentPostprocessing = 0;
		};
		1145254F1C91576900A5AAC3 /* Resources */ = {
			isa = PBXResourcesBuildPhase;
			buildActionMask = 2147483647;
			files = (
				1145255F1C91576900A5AAC3 /* Assets.xcassets in Resources */,
			);
			runOnlyForDeploymentPostprocessing = 0;
		};
/* End PBXResourcesBuildPhase section */

/* Begin PBXSourcesBuildPhase section */
		114525161C91576800A5AAC3 /* Sources */ = {
			isa = PBXSourcesBuildPhase;
			buildActionMask = 2147483647;
			files = (
				114525201C91576800A5AAC3 /* ViewController.swift in Sources */,
				1145251E1C91576800A5AAC3 /* AppDelegate.swift in Sources */,
			);
			runOnlyForDeploymentPostprocessing = 0;
		};
		1145252A1C91576800A5AAC3 /* Sources */ = {
			isa = PBXSourcesBuildPhase;
			buildActionMask = 2147483647;
			files = (
				114525331C91576800A5AAC3 /* standaloneAppleWatchTestTests.swift in Sources */,
			);
			runOnlyForDeploymentPostprocessing = 0;
		};
		114525351C91576800A5AAC3 /* Sources */ = {
			isa = PBXSourcesBuildPhase;
			buildActionMask = 2147483647;
			files = (
				1145253E1C91576800A5AAC3 /* standaloneAppleWatchTestUITests.swift in Sources */,
			);
			runOnlyForDeploymentPostprocessing = 0;
		};
		1145254D1C91576900A5AAC3 /* Sources */ = {
			isa = PBXSourcesBuildPhase;
			buildActionMask = 2147483647;
			files = (
				1145255D1C91576900A5AAC3 /* NotificationController.swift in Sources */,
				1145255B1C91576900A5AAC3 /* ExtensionDelegate.swift in Sources */,
				114525591C91576900A5AAC3 /* InterfaceController.swift in Sources */,
			);
			runOnlyForDeploymentPostprocessing = 0;
		};
/* End PBXSourcesBuildPhase section */

/* Begin PBXTargetDependency section */
		114525301C91576800A5AAC3 /* PBXTargetDependency */ = {
			isa = PBXTargetDependency;
			target = 114525191C91576800A5AAC3 /* standaloneAppleWatchTest */;
			targetProxy = 1145252F1C91576800A5AAC3 /* PBXContainerItemProxy */;
		};
		1145253B1C91576800A5AAC3 /* PBXTargetDependency */ = {
			isa = PBXTargetDependency;
			target = 114525191C91576800A5AAC3 /* standaloneAppleWatchTest */;
			targetProxy = 1145253A1C91576800A5AAC3 /* PBXContainerItemProxy */;
		};
		114525451C91576800A5AAC3 /* PBXTargetDependency */ = {
			isa = PBXTargetDependency;
			target = 114525411C91576800A5AAC3 /* standaloneAppleWatchTest WatchKit App */;
			targetProxy = 114525441C91576800A5AAC3 /* PBXContainerItemProxy */;
		};
		114525541C91576900A5AAC3 /* PBXTargetDependency */ = {
			isa = PBXTargetDependency;
			target = 114525501C91576900A5AAC3 /* standaloneAppleWatchTest WatchKit Extension */;
			targetProxy = 114525531C91576900A5AAC3 /* PBXContainerItemProxy */;
		};
/* End PBXTargetDependency section */

/* Begin PBXVariantGroup section */
		114525211C91576800A5AAC3 /* Main.storyboard */ = {
			isa = PBXVariantGroup;
			children = (
				114525221C91576800A5AAC3 /* Base */,
			);
			name = Main.storyboard;
			sourceTree = "<group>";
		};
		114525261C91576800A5AAC3 /* LaunchScreen.storyboard */ = {
			isa = PBXVariantGroup;
			children = (
				114525271C91576800A5AAC3 /* Base */,
			);
			name = LaunchScreen.storyboard;
			sourceTree = "<group>";
		};
		114525471C91576800A5AAC3 /* Interface.storyboard */ = {
			isa = PBXVariantGroup;
			children = (
				114525481C91576800A5AAC3 /* Base */,
			);
			name = Interface.storyboard;
			sourceTree = "<group>";
		};
/* End PBXVariantGroup section */

/* Begin XCBuildConfiguration section */
		114525611C91576900A5AAC3 /* Debug */ = {
			isa = XCBuildConfiguration;
			buildSettings = {
				ALWAYS_SEARCH_USER_PATHS = NO;
				CLANG_CXX_LANGUAGE_STANDARD = "gnu++0x";
				CLANG_CXX_LIBRARY = "libc++";
				CLANG_ENABLE_MODULES = YES;
				CLANG_ENABLE_OBJC_ARC = YES;
				CLANG_WARN_BOOL_CONVERSION = YES;
				CLANG_WARN_CONSTANT_CONVERSION = YES;
				CLANG_WARN_DIRECT_OBJC_ISA_USAGE = YES_ERROR;
				CLANG_WARN_EMPTY_BODY = YES;
				CLANG_WARN_ENUM_CONVERSION = YES;
				CLANG_WARN_INT_CONVERSION = YES;
				CLANG_WARN_OBJC_ROOT_CLASS = YES_ERROR;
				CLANG_WARN_UNREACHABLE_CODE = YES;
				CLANG_WARN__DUPLICATE_METHOD_MATCH = YES;
				"CODE_SIGN_IDENTITY[sdk=iphoneos*]" = "iPhone Developer";
				COPY_PHASE_STRIP = NO;
				DEBUG_INFORMATION_FORMAT = dwarf;
				ENABLE_STRICT_OBJC_MSGSEND = YES;
				ENABLE_TESTABILITY = YES;
				GCC_C_LANGUAGE_STANDARD = gnu99;
				GCC_DYNAMIC_NO_PIC = NO;
				GCC_NO_COMMON_BLOCKS = YES;
				GCC_OPTIMIZATION_LEVEL = 0;
				GCC_PREPROCESSOR_DEFINITIONS = (
					"DEBUG=1",
					"$(inherited)",
				);
				GCC_WARN_64_TO_32_BIT_CONVERSION = YES;
				GCC_WARN_ABOUT_RETURN_TYPE = YES_ERROR;
				GCC_WARN_UNDECLARED_SELECTOR = YES;
				GCC_WARN_UNINITIALIZED_AUTOS = YES_AGGRESSIVE;
				GCC_WARN_UNUSED_FUNCTION = YES;
				GCC_WARN_UNUSED_VARIABLE = YES;
				IPHONEOS_DEPLOYMENT_TARGET = 9.2;
				MTL_ENABLE_DEBUG_INFO = YES;
				ONLY_ACTIVE_ARCH = YES;
				SDKROOT = iphoneos;
				SWIFT_OPTIMIZATION_LEVEL = "-Onone";
			};
			name = Debug;
		};
		114525621C91576900A5AAC3 /* Release */ = {
			isa = XCBuildConfiguration;
			buildSettings = {
				ALWAYS_SEARCH_USER_PATHS = NO;
				CLANG_CXX_LANGUAGE_STANDARD = "gnu++0x";
				CLANG_CXX_LIBRARY = "libc++";
				CLANG_ENABLE_MODULES = YES;
				CLANG_ENABLE_OBJC_ARC = YES;
				CLANG_WARN_BOOL_CONVERSION = YES;
				CLANG_WARN_CONSTANT_CONVERSION = YES;
				CLANG_WARN_DIRECT_OBJC_ISA_USAGE = YES_ERROR;
				CLANG_WARN_EMPTY_BODY = YES;
				CLANG_WARN_ENUM_CONVERSION = YES;
				CLANG_WARN_INT_CONVERSION = YES;
				CLANG_WARN_OBJC_ROOT_CLASS = YES_ERROR;
				CLANG_WARN_UNREACHABLE_CODE = YES;
				CLANG_WARN__DUPLICATE_METHOD_MATCH = YES;
				"CODE_SIGN_IDENTITY[sdk=iphoneos*]" = "iPhone Developer";
				COPY_PHASE_STRIP = NO;
				DEBUG_INFORMATION_FORMAT = "dwarf-with-dsym";
				ENABLE_NS_ASSERTIONS = NO;
				ENABLE_STRICT_OBJC_MSGSEND = YES;
				GCC_C_LANGUAGE_STANDARD = gnu99;
				GCC_NO_COMMON_BLOCKS = YES;
				GCC_WARN_64_TO_32_BIT_CONVERSION = YES;
				GCC_WARN_ABOUT_RETURN_TYPE = YES_ERROR;
				GCC_WARN_UNDECLARED_SELECTOR = YES;
				GCC_WARN_UNINITIALIZED_AUTOS = YES_AGGRESSIVE;
				GCC_WARN_UNUSED_FUNCTION = YES;
				GCC_WARN_UNUSED_VARIABLE = YES;
				IPHONEOS_DEPLOYMENT_TARGET = 9.2;
				MTL_ENABLE_DEBUG_INFO = NO;
				SDKROOT = iphoneos;
				VALIDATE_PRODUCT = YES;
			};
			name = Release;
		};
		114525641C91576900A5AAC3 /* Debug */ = {
			isa = XCBuildConfiguration;
			buildSettings = {
				INFOPLIST_FILE = "standaloneAppleWatchTest WatchKit Extension/Info.plist";
				LD_RUNPATH_SEARCH_PATHS = "$(inherited) @executable_path/Frameworks @executable_path/../../Frameworks";
				PRODUCT_BUNDLE_IDENTIFIER = SmartmongolTeam.standaloneAppleWatchTest.watchkitapp.watchkitextension;
				PRODUCT_NAME = "${TARGET_NAME}";
				SDKROOT = watchos;
				SKIP_INSTALL = YES;
				TARGETED_DEVICE_FAMILY = 4;
				WATCHOS_DEPLOYMENT_TARGET = 2.1;
			};
			name = Debug;
		};
		114525651C91576900A5AAC3 /* Release */ = {
			isa = XCBuildConfiguration;
			buildSettings = {
				INFOPLIST_FILE = "standaloneAppleWatchTest WatchKit Extension/Info.plist";
				LD_RUNPATH_SEARCH_PATHS = "$(inherited) @executable_path/Frameworks @executable_path/../../Frameworks";
				PRODUCT_BUNDLE_IDENTIFIER = SmartmongolTeam.standaloneAppleWatchTest.watchkitapp.watchkitextension;
				PRODUCT_NAME = "${TARGET_NAME}";
				SDKROOT = watchos;
				SKIP_INSTALL = YES;
				TARGETED_DEVICE_FAMILY = 4;
				WATCHOS_DEPLOYMENT_TARGET = 2.1;
			};
			name = Release;
		};
		114525681C91576900A5AAC3 /* Debug */ = {
			isa = XCBuildConfiguration;
			buildSettings = {
				ASSETCATALOG_COMPILER_APPICON_NAME = AppIcon;
				EMBEDDED_CONTENT_CONTAINS_SWIFT = YES;
				IBSC_MODULE = standaloneAppleWatchTest_WatchKit_Extension;
				INFOPLIST_FILE = "standaloneAppleWatchTest WatchKit App/Info.plist";
				PRODUCT_BUNDLE_IDENTIFIER = SmartmongolTeam.standaloneAppleWatchTest.watchkitapp;
				PRODUCT_NAME = "$(TARGET_NAME)";
				SDKROOT = watchos;
				SKIP_INSTALL = YES;
				TARGETED_DEVICE_FAMILY = 4;
				WATCHOS_DEPLOYMENT_TARGET = 2.1;
			};
			name = Debug;
		};
		114525691C91576900A5AAC3 /* Release */ = {
			isa = XCBuildConfiguration;
			buildSettings = {
				ASSETCATALOG_COMPILER_APPICON_NAME = AppIcon;
				EMBEDDED_CONTENT_CONTAINS_SWIFT = YES;
				IBSC_MODULE = standaloneAppleWatchTest_WatchKit_Extension;
				INFOPLIST_FILE = "standaloneAppleWatchTest WatchKit App/Info.plist";
				PRODUCT_BUNDLE_IDENTIFIER = SmartmongolTeam.standaloneAppleWatchTest.watchkitapp;
				PRODUCT_NAME = "$(TARGET_NAME)";
				SDKROOT = watchos;
				SKIP_INSTALL = YES;
				TARGETED_DEVICE_FAMILY = 4;
				WATCHOS_DEPLOYMENT_TARGET = 2.1;
			};
			name = Release;
		};
		1145256C1C91576900A5AAC3 /* Debug */ = {
			isa = XCBuildConfiguration;
			buildSettings = {
				ASSETCATALOG_COMPILER_APPICON_NAME = AppIcon;
				INFOPLIST_FILE = standaloneAppleWatchTest/Info.plist;
				LD_RUNPATH_SEARCH_PATHS = "$(inherited) @executable_path/Frameworks";
				PRODUCT_BUNDLE_IDENTIFIER = SmartmongolTeam.standaloneAppleWatchTest;
				PRODUCT_NAME = "$(TARGET_NAME)";
			};
			name = Debug;
		};
		1145256D1C91576900A5AAC3 /* Release */ = {
			isa = XCBuildConfiguration;
			buildSettings = {
				ASSETCATALOG_COMPILER_APPICON_NAME = AppIcon;
				INFOPLIST_FILE = standaloneAppleWatchTest/Info.plist;
				LD_RUNPATH_SEARCH_PATHS = "$(inherited) @executable_path/Frameworks";
				PRODUCT_BUNDLE_IDENTIFIER = SmartmongolTeam.standaloneAppleWatchTest;
				PRODUCT_NAME = "$(TARGET_NAME)";
			};
			name = Release;
		};
		1145256F1C91576900A5AAC3 /* Debug */ = {
			isa = XCBuildConfiguration;
			buildSettings = {
				BUNDLE_LOADER = "$(TEST_HOST)";
				INFOPLIST_FILE = standaloneAppleWatchTestTests/Info.plist;
				LD_RUNPATH_SEARCH_PATHS = "$(inherited) @executable_path/Frameworks @loader_path/Frameworks";
				PRODUCT_BUNDLE_IDENTIFIER = SmartmongolTeam.standaloneAppleWatchTestTests;
				PRODUCT_NAME = "$(TARGET_NAME)";
				TEST_HOST = "$(BUILT_PRODUCTS_DIR)/standaloneAppleWatchTest.app/standaloneAppleWatchTest";
			};
			name = Debug;
		};
		114525701C91576900A5AAC3 /* Release */ = {
			isa = XCBuildConfiguration;
			buildSettings = {
				BUNDLE_LOADER = "$(TEST_HOST)";
				INFOPLIST_FILE = standaloneAppleWatchTestTests/Info.plist;
				LD_RUNPATH_SEARCH_PATHS = "$(inherited) @executable_path/Frameworks @loader_path/Frameworks";
				PRODUCT_BUNDLE_IDENTIFIER = SmartmongolTeam.standaloneAppleWatchTestTests;
				PRODUCT_NAME = "$(TARGET_NAME)";
				TEST_HOST = "$(BUILT_PRODUCTS_DIR)/standaloneAppleWatchTest.app/standaloneAppleWatchTest";
			};
			name = Release;
		};
		114525721C91576900A5AAC3 /* Debug */ = {
			isa = XCBuildConfiguration;
			buildSettings = {
				INFOPLIST_FILE = standaloneAppleWatchTestUITests/Info.plist;
				LD_RUNPATH_SEARCH_PATHS = "$(inherited) @executable_path/Frameworks @loader_path/Frameworks";
				PRODUCT_BUNDLE_IDENTIFIER = SmartmongolTeam.standaloneAppleWatchTestUITests;
				PRODUCT_NAME = "$(TARGET_NAME)";
				TEST_TARGET_NAME = standaloneAppleWatchTest;
				USES_XCTRUNNER = YES;
			};
			name = Debug;
		};
		114525731C91576900A5AAC3 /* Release */ = {
			isa = XCBuildConfiguration;
			buildSettings = {
				INFOPLIST_FILE = standaloneAppleWatchTestUITests/Info.plist;
				LD_RUNPATH_SEARCH_PATHS = "$(inherited) @executable_path/Frameworks @loader_path/Frameworks";
				PRODUCT_BUNDLE_IDENTIFIER = SmartmongolTeam.standaloneAppleWatchTestUITests;
				PRODUCT_NAME = "$(TARGET_NAME)";
				TEST_TARGET_NAME = standaloneAppleWatchTest;
				USES_XCTRUNNER = YES;
			};
			name = Release;
		};
/* End XCBuildConfiguration section */

/* Begin XCConfigurationList section */
		114525151C91576800A5AAC3 /* Build configuration list for PBXProject "standaloneAppleWatchTest" */ = {
			isa = XCConfigurationList;
			buildConfigurations = (
				114525611C91576900A5AAC3 /* Debug */,
				114525621C91576900A5AAC3 /* Release */,
			);
			defaultConfigurationIsVisible = 0;
			defaultConfigurationName = Release;
		};
		114525631C91576900A5AAC3 /* Build configuration list for PBXNativeTarget "standaloneAppleWatchTest WatchKit Extension" */ = {
			isa = XCConfigurationList;
			buildConfigurations = (
				114525641C91576900A5AAC3 /* Debug */,
				114525651C91576900A5AAC3 /* Release */,
			);
			defaultConfigurationIsVisible = 0;
		};
		114525671C91576900A5AAC3 /* Build configuration list for PBXNativeTarget "standaloneAppleWatchTest WatchKit App" */ = {
			isa = XCConfigurationList;
			buildConfigurations = (
				114525681C91576900A5AAC3 /* Debug */,
				114525691C91576900A5AAC3 /* Release */,
			);
			defaultConfigurationIsVisible = 0;
		};
		1145256B1C91576900A5AAC3 /* Build configuration list for PBXNativeTarget "standaloneAppleWatchTest" */ = {
			isa = XCConfigurationList;
			buildConfigurations = (
				1145256C1C91576900A5AAC3 /* Debug */,
				1145256D1C91576900A5AAC3 /* Release */,
			);
			defaultConfigurationIsVisible = 0;
		};
		1145256E1C91576900A5AAC3 /* Build configuration list for PBXNativeTarget "standaloneAppleWatchTestTests" */ = {
			isa = XCConfigurationList;
			buildConfigurations = (
				1145256F1C91576900A5AAC3 /* Debug */,
				114525701C91576900A5AAC3 /* Release */,
			);
			defaultConfigurationIsVisible = 0;
		};
		114525711C91576900A5AAC3 /* Build configuration list for PBXNativeTarget "standaloneAppleWatchTestUITests" */ = {
			isa = XCConfigurationList;
			buildConfigurations = (
				114525721C91576900A5AAC3 /* Debug */,
				114525731C91576900A5AAC3 /* Release */,
			);
			defaultConfigurationIsVisible = 0;
		};
/* End XCConfigurationList section */
	};
	rootObject = 114525121C91576800A5AAC3 /* Project object */;
}
